
Microsoft Visual Studio Solution File, Format Version 12.00
# Visual Studio Version 17
VisualStudioVersion = 17.9.34728.123
MinimumVisualStudioVersion = 10.0.40219.1
Project("{9A19103F-16F7-4668-BE54-9A1E7A4F7556}") = "FlightChangeDetector.Tests", "FlightChangeDetector.Tests\FlightChangeDetector.Tests.csproj", "{754E0091-6AA3-470A-8FB8-B144F976C0B2}"
EndProject
Project("{2150E333-8FDC-42A3-9474-1A3956D46DE8}") = "Root", "Root", "{B80549FC-8212-4D42-85AD-56486748C346}"
	ProjectSection(SolutionItems) = preProject
		.gitignore = .gitignore
		README.md = README.md
	EndProjectSection
EndProject
Project("{9A19103F-16F7-4668-BE54-9A1E7A4F7556}") = "FlightChangeDetector.Console", "FlightChangeDetector.Console\FlightChangeDetector.Console.csproj", "{026517A3-5E09-4ED6-8A03-E1CCA1A414C1}"
EndProject
Global
	GlobalSection(SolutionConfigurationPlatforms) = preSolution
		Debug|Any CPU = Debug|Any CPU
		Release|Any CPU = Release|Any CPU
	EndGlobalSection
	GlobalSection(ProjectConfigurationPlatforms) = postSolution
		{754E0091-6AA3-470A-8FB8-B144F976C0B2}.Debug|Any CPU.ActiveCfg = Debug|Any CPU
		{754E0091-6AA3-470A-8FB8-B144F976C0B2}.Debug|Any CPU.Build.0 = Debug|Any CPU
		{754E0091-6AA3-470A-8FB8-B144F976C0B2}.Release|Any CPU.ActiveCfg = Release|Any CPU
		{754E0091-6AA3-470A-8FB8-B144F976C0B2}.Release|Any CPU.Build.0 = Release|Any CPU
		{026517A3-5E09-4ED6-8A03-E1CCA1A414C1}.Debug|Any CPU.ActiveCfg = Debug|Any CPU
		{026517A3-5E09-4ED6-8A03-E1CCA1A414C1}.Debug|Any CPU.Build.0 = Debug|Any CPU
		{026517A3-5E09-4ED6-8A03-E1CCA1A414C1}.Release|Any CPU.ActiveCfg = Release|Any CPU
		{026517A3-5E09-4ED6-8A03-E1CCA1A414C1}.Release|Any CPU.Build.0 = Release|Any CPU
	EndGlobalSection
	GlobalSection(SolutionProperties) = preSolution
		HideSolutionNode = FALSE
	EndGlobalSection
	GlobalSection(ExtensibilityGlobals) = postSolution
		SolutionGuid = {55271E3A-F0EB-431A-8F0F-4F54F1BCFB68}
	EndGlobalSection
EndGlobal
